
Microsoft Visual Studio Solution File, Format Version 12.00
# Visual Studio Version 17
VisualStudioVersion = 17.2.32516.85
MinimumVisualStudioVersion = 10.0.40219.1
Project("{2150E333-8FDC-42A3-9474-1A3956D46DE8}") = "src", "src", "{59F54680-D62E-4DE3-9231-9FE379A4A092}"
EndProject
Project("{2150E333-8FDC-42A3-9474-1A3956D46DE8}") = "test", "test", "{3B44698A-04C1-403A-BAD6-55A952A9EDAD}"
EndProject
Project("{2150E333-8FDC-42A3-9474-1A3956D46DE8}") = "UI", "UI", "{5F9F8516-FC7B-47FC-8781-5EA55B86EBD5}"
EndProject
Project("{2150E333-8FDC-42A3-9474-1A3956D46DE8}") = "Api", "Api", "{DD0F9267-1A2B-42E6-B34E-B46F3E6C7F17}"
EndProject
Project("{2150E333-8FDC-42A3-9474-1A3956D46DE8}") = "Core", "Core", "{05A3643A-FB37-4538-B7A7-339E1B6BC718}"
EndProject
Project("{2150E333-8FDC-42A3-9474-1A3956D46DE8}") = "Infrastructure", "Infrastructure", "{F165F43C-5182-47A3-B503-E769C5102F9B}"
EndProject
Project("{9A19103F-16F7-4668-BE54-9A1E7A4F7556}") = "FunTranslate.Api", "FunTranslate.Api\FunTranslate.Api.csproj", "{FD2C1DFA-2DE8-4A9C-84F7-D4A92FB9B739}"
EndProject
Project("{9A19103F-16F7-4668-BE54-9A1E7A4F7556}") = "FunTranslate.Domain", "FunTranslate.Domain\FunTranslate.Domain.csproj", "{D14CDB6E-2B96-4CFA-8515-47DDD13C3121}"
EndProject
Project("{9A19103F-16F7-4668-BE54-9A1E7A4F7556}") = "FunTranslate.Application", "FunTranslate.Application\FunTranslate.Application.csproj", "{1FE90EA8-FA85-40A6-8196-B09FB9F35FF4}"
EndProject
Project("{9A19103F-16F7-4668-BE54-9A1E7A4F7556}") = "FunTranslate.Infrastructure", "FunTranslate.Infrastructure\FunTranslate.Infrastructure.csproj", "{9E0E09B5-608F-41F0-80F3-1AAECB73E0B1}"
EndProject
Project("{9A19103F-16F7-4668-BE54-9A1E7A4F7556}") = "FunTranslate.Persistence", "FunTranslate.Persistence\FunTranslate.Persistence.csproj", "{4B0BBBA7-F4F7-478B-8004-1E3AFA42F87F}"
EndProject
Project("{9A19103F-16F7-4668-BE54-9A1E7A4F7556}") = "FunTranslate.UI", "FunTranslate.UI\FunTranslate.UI.csproj", "{76268380-1117-4F72-8C1C-8DB80451411D}"
EndProject
Project("{9A19103F-16F7-4668-BE54-9A1E7A4F7556}") = "FunTranslate.Application.UnitTests", "FunTranslate.Application.UnitTests\FunTranslate.Application.UnitTests.csproj", "{68EACA6B-1772-44E6-8615-C40F62F2D842}"
EndProject
Project("{9A19103F-16F7-4668-BE54-9A1E7A4F7556}") = "FunTranslate.Api.IntegrationTests", "FunTranslate.Api.IntegrationTests\FunTranslate.Api.IntegrationTests.csproj", "{52FD023F-AAB7-485F-B98A-D5DF5BBED454}"
EndProject
Project("{9A19103F-16F7-4668-BE54-9A1E7A4F7556}") = "FunTranslate.Persistence.IntegrationTests", "FunTranslate.Persistence.IntegrationTests\FunTranslate.Persistence.IntegrationTests.csproj", "{1D9DC8AA-A458-41C3-9D37-3E0D85C631DD}"
EndProject
Project("{2150E333-8FDC-42A3-9474-1A3956D46DE8}") = "Solution Items", "Solution Items", "{F2F1AEB9-2EF8-4231-875B-ACA0505D860E}"
	ProjectSection(SolutionItems) = preProject
		Documentations = Documentations
	EndProjectSection
EndProject
Project("{2150E333-8FDC-42A3-9474-1A3956D46DE8}") = "Documentations", "Documentations", "{596F7C20-FA41-471E-91ED-5FB077C939A3}"
EndProject
Global
	GlobalSection(SolutionConfigurationPlatforms) = preSolution
		Debug|Any CPU = Debug|Any CPU
		Release|Any CPU = Release|Any CPU
	EndGlobalSection
	GlobalSection(ProjectConfigurationPlatforms) = postSolution
		{FD2C1DFA-2DE8-4A9C-84F7-D4A92FB9B739}.Debug|Any CPU.ActiveCfg = Debug|Any CPU
		{FD2C1DFA-2DE8-4A9C-84F7-D4A92FB9B739}.Debug|Any CPU.Build.0 = Debug|Any CPU
		{FD2C1DFA-2DE8-4A9C-84F7-D4A92FB9B739}.Release|Any CPU.ActiveCfg = Release|Any CPU
		{FD2C1DFA-2DE8-4A9C-84F7-D4A92FB9B739}.Release|Any CPU.Build.0 = Release|Any CPU
		{D14CDB6E-2B96-4CFA-8515-47DDD13C3121}.Debug|Any CPU.ActiveCfg = Debug|Any CPU
		{D14CDB6E-2B96-4CFA-8515-47DDD13C3121}.Debug|Any CPU.Build.0 = Debug|Any CPU
		{D14CDB6E-2B96-4CFA-8515-47DDD13C3121}.Release|Any CPU.ActiveCfg = Release|Any CPU
		{D14CDB6E-2B96-4CFA-8515-47DDD13C3121}.Release|Any CPU.Build.0 = Release|Any CPU
		{1FE90EA8-FA85-40A6-8196-B09FB9F35FF4}.Debug|Any CPU.ActiveCfg = Debug|Any CPU
		{1FE90EA8-FA85-40A6-8196-B09FB9F35FF4}.Debug|Any CPU.Build.0 = Debug|Any CPU
		{1FE90EA8-FA85-40A6-8196-B09FB9F35FF4}.Release|Any CPU.ActiveCfg = Release|Any CPU
		{1FE90EA8-FA85-40A6-8196-B09FB9F35FF4}.Release|Any CPU.Build.0 = Release|Any CPU
		{9E0E09B5-608F-41F0-80F3-1AAECB73E0B1}.Debug|Any CPU.ActiveCfg = Debug|Any CPU
		{9E0E09B5-608F-41F0-80F3-1AAECB73E0B1}.Debug|Any CPU.Build.0 = Debug|Any CPU
		{9E0E09B5-608F-41F0-80F3-1AAECB73E0B1}.Release|Any CPU.ActiveCfg = Release|Any CPU
		{9E0E09B5-608F-41F0-80F3-1AAECB73E0B1}.Release|Any CPU.Build.0 = Release|Any CPU
		{4B0BBBA7-F4F7-478B-8004-1E3AFA42F87F}.Debug|Any CPU.ActiveCfg = Debug|Any CPU
		{4B0BBBA7-F4F7-478B-8004-1E3AFA42F87F}.Debug|Any CPU.Build.0 = Debug|Any CPU
		{4B0BBBA7-F4F7-478B-8004-1E3AFA42F87F}.Release|Any CPU.ActiveCfg = Release|Any CPU
		{4B0BBBA7-F4F7-478B-8004-1E3AFA42F87F}.Release|Any CPU.Build.0 = Release|Any CPU
		{76268380-1117-4F72-8C1C-8DB80451411D}.Debug|Any CPU.ActiveCfg = Debug|Any CPU
		{76268380-1117-4F72-8C1C-8DB80451411D}.Debug|Any CPU.Build.0 = Debug|Any CPU
		{76268380-1117-4F72-8C1C-8DB80451411D}.Release|Any CPU.ActiveCfg = Release|Any CPU
		{76268380-1117-4F72-8C1C-8DB80451411D}.Release|Any CPU.Build.0 = Release|Any CPU
		{68EACA6B-1772-44E6-8615-C40F62F2D842}.Debug|Any CPU.ActiveCfg = Debug|Any CPU
		{68EACA6B-1772-44E6-8615-C40F62F2D842}.Debug|Any CPU.Build.0 = Debug|Any CPU
		{68EACA6B-1772-44E6-8615-C40F62F2D842}.Release|Any CPU.ActiveCfg = Release|Any CPU
		{68EACA6B-1772-44E6-8615-C40F62F2D842}.Release|Any CPU.Build.0 = Release|Any CPU
		{52FD023F-AAB7-485F-B98A-D5DF5BBED454}.Debug|Any CPU.ActiveCfg = Debug|Any CPU
		{52FD023F-AAB7-485F-B98A-D5DF5BBED454}.Debug|Any CPU.Build.0 = Debug|Any CPU
		{52FD023F-AAB7-485F-B98A-D5DF5BBED454}.Release|Any CPU.ActiveCfg = Release|Any CPU
		{52FD023F-AAB7-485F-B98A-D5DF5BBED454}.Release|Any CPU.Build.0 = Release|Any CPU
		{1D9DC8AA-A458-41C3-9D37-3E0D85C631DD}.Debug|Any CPU.ActiveCfg = Debug|Any CPU
		{1D9DC8AA-A458-41C3-9D37-3E0D85C631DD}.Debug|Any CPU.Build.0 = Debug|Any CPU
		{1D9DC8AA-A458-41C3-9D37-3E0D85C631DD}.Release|Any CPU.ActiveCfg = Release|Any CPU
		{1D9DC8AA-A458-41C3-9D37-3E0D85C631DD}.Release|Any CPU.Build.0 = Release|Any CPU
	EndGlobalSection
	GlobalSection(SolutionProperties) = preSolution
		HideSolutionNode = FALSE
	EndGlobalSection
	GlobalSection(NestedProjects) = preSolution
		{5F9F8516-FC7B-47FC-8781-5EA55B86EBD5} = {59F54680-D62E-4DE3-9231-9FE379A4A092}
		{DD0F9267-1A2B-42E6-B34E-B46F3E6C7F17} = {59F54680-D62E-4DE3-9231-9FE379A4A092}
		{05A3643A-FB37-4538-B7A7-339E1B6BC718} = {59F54680-D62E-4DE3-9231-9FE379A4A092}
		{F165F43C-5182-47A3-B503-E769C5102F9B} = {59F54680-D62E-4DE3-9231-9FE379A4A092}
		{FD2C1DFA-2DE8-4A9C-84F7-D4A92FB9B739} = {DD0F9267-1A2B-42E6-B34E-B46F3E6C7F17}
		{D14CDB6E-2B96-4CFA-8515-47DDD13C3121} = {05A3643A-FB37-4538-B7A7-339E1B6BC718}
		{1FE90EA8-FA85-40A6-8196-B09FB9F35FF4} = {05A3643A-FB37-4538-B7A7-339E1B6BC718}
		{9E0E09B5-608F-41F0-80F3-1AAECB73E0B1} = {F165F43C-5182-47A3-B503-E769C5102F9B}
		{4B0BBBA7-F4F7-478B-8004-1E3AFA42F87F} = {F165F43C-5182-47A3-B503-E769C5102F9B}
		{76268380-1117-4F72-8C1C-8DB80451411D} = {5F9F8516-FC7B-47FC-8781-5EA55B86EBD5}
		{68EACA6B-1772-44E6-8615-C40F62F2D842} = {3B44698A-04C1-403A-BAD6-55A952A9EDAD}
		{52FD023F-AAB7-485F-B98A-D5DF5BBED454} = {3B44698A-04C1-403A-BAD6-55A952A9EDAD}
		{1D9DC8AA-A458-41C3-9D37-3E0D85C631DD} = {3B44698A-04C1-403A-BAD6-55A952A9EDAD}
		{596F7C20-FA41-471E-91ED-5FB077C939A3} = {F2F1AEB9-2EF8-4231-875B-ACA0505D860E}
	EndGlobalSection
	GlobalSection(ExtensibilityGlobals) = postSolution
		SolutionGuid = {DCDA8515-EF3A-4DF6-A34F-306ADE168BB8}
	EndGlobalSection
EndGlobal
